
Microsoft Visual Studio Solution File, Format Version 12.00
# Visual Studio 15
VisualStudioVersion = 15.0.28307.852
MinimumVisualStudioVersion = 10.0.40219.1
Project("{FAE04EC0-301F-11D3-BF4B-00C04F79EFBC}") = "49_LearnCSharpWithWPF", "49_LearnCSharpWithWPF\49_LearnCSharpWithWPF.csproj", "{A4BEAF8B-7C94-4098-A8D7-8A3087B11450}"
EndProject
Global
	GlobalSection(SolutionConfigurationPlatforms) = preSolution
		Debug|Any CPU = Debug|Any CPU
		Release|Any CPU = Release|Any CPU
	EndGlobalSection
	GlobalSection(ProjectConfigurationPlatforms) = postSolution
		{A4BEAF8B-7C94-4098-A8D7-8A3087B11450}.Debug|Any CPU.ActiveCfg = Debug|Any CPU
		{A4BEAF8B-7C94-4098-A8D7-8A3087B11450}.Debug|Any CPU.Build.0 = Debug|Any CPU
		{A4BEAF8B-7C94-4098-A8D7-8A3087B11450}.Release|Any CPU.ActiveCfg = Release|Any CPU
		{A4BEAF8B-7C94-4098-A8D7-8A3087B11450}.Release|Any CPU.Build.0 = Release|Any CPU
	EndGlobalSection
	GlobalSection(SolutionProperties) = preSolution
		HideSolutionNode = FALSE
	EndGlobalSection
	GlobalSection(ExtensibilityGlobals) = postSolution
		SolutionGuid = {C042B044-F624-4A92-959F-E6713D2FD097}
	EndGlobalSection
EndGlobal
