
Microsoft Visual Studio Solution File, Format Version 12.00
# Visual Studio 15
VisualStudioVersion = 15.0.28307.852
MinimumVisualStudioVersion = 10.0.40219.1
Project("{FAE04EC0-301F-11D3-BF4B-00C04F79EFBC}") = "33_LearnCSharpWithWF", "33_LearnCSharpWithWF\33_LearnCSharpWithWF.csproj", "{ECD9CA84-20EA-4C1D-9845-E763CEA45441}"
EndProject
Global
	GlobalSection(SolutionConfigurationPlatforms) = preSolution
		Debug|Any CPU = Debug|Any CPU
		Release|Any CPU = Release|Any CPU
	EndGlobalSection
	GlobalSection(ProjectConfigurationPlatforms) = postSolution
		{ECD9CA84-20EA-4C1D-9845-E763CEA45441}.Debug|Any CPU.ActiveCfg = Debug|Any CPU
		{ECD9CA84-20EA-4C1D-9845-E763CEA45441}.Debug|Any CPU.Build.0 = Debug|Any CPU
		{ECD9CA84-20EA-4C1D-9845-E763CEA45441}.Release|Any CPU.ActiveCfg = Release|Any CPU
		{ECD9CA84-20EA-4C1D-9845-E763CEA45441}.Release|Any CPU.Build.0 = Release|Any CPU
	EndGlobalSection
	GlobalSection(SolutionProperties) = preSolution
		HideSolutionNode = FALSE
	EndGlobalSection
	GlobalSection(ExtensibilityGlobals) = postSolution
		SolutionGuid = {CBAF67CF-53EF-41E4-A770-AB08A239D319}
	EndGlobalSection
EndGlobal
